
Microsoft Visual Studio Solution File, Format Version 11.00
# Visual Studio 2010
Project("{FAE04EC0-301F-11D3-BF4B-00C04F79EFBC}") = "Assembly-CSharp", "Assembly-CSharp.csproj", "{571F0C86-07C6-977D-F65A-B34AA6A8C34C}"
EndProject
Project("{FAE04EC0-301F-11D3-BF4B-00C04F79EFBC}") = "Assembly-CSharp-firstpass", "Assembly-CSharp-firstpass.csproj", "{7A9A2518-B102-01E3-4F29-1872C607A99A}"
EndProject
Project("{FAE04EC0-301F-11D3-BF4B-00C04F79EFBC}") = "Assembly-CSharp-Editor", "Assembly-CSharp-Editor.csproj", "{22D69198-017C-3656-1601-5B1B40094BB8}"
EndProject
Global
	GlobalSection(SolutionConfigurationPlatforms) = preSolution
		Debug|Any CPU = Debug|Any CPU
		Release|Any CPU = Release|Any CPU
	EndGlobalSection
	GlobalSection(ProjectConfigurationPlatforms) = postSolution
		{571F0C86-07C6-977D-F65A-B34AA6A8C34C}.Debug|Any CPU.ActiveCfg = Debug|Any CPU
		{571F0C86-07C6-977D-F65A-B34AA6A8C34C}.Debug|Any CPU.Build.0 = Debug|Any CPU
		{571F0C86-07C6-977D-F65A-B34AA6A8C34C}.Release|Any CPU.ActiveCfg = Release|Any CPU
		{571F0C86-07C6-977D-F65A-B34AA6A8C34C}.Release|Any CPU.Build.0 = Release|Any CPU
		{7A9A2518-B102-01E3-4F29-1872C607A99A}.Debug|Any CPU.ActiveCfg = Debug|Any CPU
		{7A9A2518-B102-01E3-4F29-1872C607A99A}.Debug|Any CPU.Build.0 = Debug|Any CPU
		{7A9A2518-B102-01E3-4F29-1872C607A99A}.Release|Any CPU.ActiveCfg = Release|Any CPU
		{7A9A2518-B102-01E3-4F29-1872C607A99A}.Release|Any CPU.Build.0 = Release|Any CPU
		{22D69198-017C-3656-1601-5B1B40094BB8}.Debug|Any CPU.ActiveCfg = Debug|Any CPU
		{22D69198-017C-3656-1601-5B1B40094BB8}.Debug|Any CPU.Build.0 = Debug|Any CPU
		{22D69198-017C-3656-1601-5B1B40094BB8}.Release|Any CPU.ActiveCfg = Release|Any CPU
		{22D69198-017C-3656-1601-5B1B40094BB8}.Release|Any CPU.Build.0 = Release|Any CPU
	EndGlobalSection
	GlobalSection(SolutionProperties) = preSolution
		HideSolutionNode = FALSE
	EndGlobalSection
	GlobalSection(MonoDevelopProperties) = preSolution
		StartupItem = Assembly-CSharp.csproj
	EndGlobalSection
EndGlobal
